
Microsoft Visual Studio Solution File, Format Version 11.00
# Visual Studio 2010
Project("{FAE04EC0-301F-11D3-BF4B-00C04F79EFBC}") = "DealSlipFX", "DealSlipFX\DealSlipFX.csproj", "{586720C9-E737-4CEA-972B-EA1C7024DC29}"
EndProject
Project("{2150E333-8FDC-42A3-9474-1A3956D46DE8}") = "FP.BL.DealSlipFX", "FP.BL.DealSlipFX", "{8A22FB9E-43E9-49C7-B47A-403F49324230}"
EndProject
Project("{FAE04EC0-301F-11D3-BF4B-00C04F79EFBC}") = "FP.BL.DealSlipFX", "FP.BL.DealSlipFX\FP.BL.DealSlipFX.csproj", "{AA71A708-3935-4414-A720-E43D34ED7EE1}"
EndProject
Project("{2150E333-8FDC-42A3-9474-1A3956D46DE8}") = "Framework", "Framework", "{D1AB63E6-330F-4676-B132-509DCFEB52B4}"
EndProject
Project("{2150E333-8FDC-42A3-9474-1A3956D46DE8}") = "CrossCutting", "CrossCutting", "{EA7AAD2B-EC8E-4E89-BC00-191F800BAE52}"
EndProject
Project("{2150E333-8FDC-42A3-9474-1A3956D46DE8}") = "Data", "Data", "{C98DB150-E32E-467A-9365-86E1B99C99ED}"
EndProject
Project("{2150E333-8FDC-42A3-9474-1A3956D46DE8}") = "FP.Common", "FP.Common", "{5CB8DE6F-7E12-4E32-9F43-849428994B82}"
EndProject
Project("{FAE04EC0-301F-11D3-BF4B-00C04F79EFBC}") = "FP.Common", "Framework\CrossCutting\FP.Common\FP.Common.csproj", "{7669639E-AB4D-42FB-BC52-D166F4F62E7B}"
EndProject
Project("{2150E333-8FDC-42A3-9474-1A3956D46DE8}") = "FP.Common.Cache", "FP.Common.Cache", "{3ADFDED8-E7B1-4C99-914A-3B6E573288D8}"
EndProject
Project("{2150E333-8FDC-42A3-9474-1A3956D46DE8}") = "FP.Common.Configuration", "FP.Common.Configuration", "{435679FA-F091-41CA-8E4D-F121653A4F4B}"
EndProject
Project("{2150E333-8FDC-42A3-9474-1A3956D46DE8}") = "FP.Common.EncryptionDecryption", "FP.Common.EncryptionDecryption", "{6B3C97D0-A403-41AB-9247-82EAB31F20CB}"
EndProject
Project("{2150E333-8FDC-42A3-9474-1A3956D46DE8}") = "FP.Common.ExceptionLogging", "FP.Common.ExceptionLogging", "{707A024D-3C9D-4ACF-8A44-93F58D6C97B2}"
EndProject
Project("{2150E333-8FDC-42A3-9474-1A3956D46DE8}") = "FP.Common.Menu", "FP.Common.Menu", "{766B9640-C08A-4CCE-83F3-E8DE2F0BAB45}"
EndProject
Project("{FAE04EC0-301F-11D3-BF4B-00C04F79EFBC}") = "FP.Common.Cache", "Framework\CrossCutting\FP.Common.Cache\FP.Common.Cache.csproj", "{709CB8BD-C993-4B0E-8981-4C2F77115243}"
EndProject
Project("{FAE04EC0-301F-11D3-BF4B-00C04F79EFBC}") = "FP.Common.Configuration", "Framework\CrossCutting\FP.Common.Configuration\FP.Common.Configuration.csproj", "{457A3812-B197-46BE-BB2E-6B155FADE23F}"
EndProject
Project("{FAE04EC0-301F-11D3-BF4B-00C04F79EFBC}") = "FP.Common.EncryptionDecryption", "Framework\CrossCutting\FP.Common.EncryptionDecryption\FP.Common.EncryptionDecryption.csproj", "{C43B744E-A4AB-4792-9B26-90FB761DD1BC}"
EndProject
Project("{FAE04EC0-301F-11D3-BF4B-00C04F79EFBC}") = "FP.Common.ExceptionLogging", "Framework\CrossCutting\FP.Common.ExceptionLogging\FP.Common.ExceptionLogging.csproj", "{8F316F3E-49A6-45D2-9B73-ACFBD9C45FF8}"
EndProject
Project("{FAE04EC0-301F-11D3-BF4B-00C04F79EFBC}") = "FP.Common.Menu", "Framework\CrossCutting\FP.Common.Menu\FP.Common.Menu.csproj", "{D758D39D-1D1B-41F6-B86D-B347554F6CF5}"
EndProject
Project("{2150E333-8FDC-42A3-9474-1A3956D46DE8}") = "FP.DAL", "FP.DAL", "{2059F577-0FD3-4A02-9959-AA9D601A39F4}"
EndProject
Project("{2150E333-8FDC-42A3-9474-1A3956D46DE8}") = "FP.DAL.SQL", "FP.DAL.SQL", "{F769BDFB-5939-43CD-B7C0-BD23BE26DBEA}"
EndProject
Project("{FAE04EC0-301F-11D3-BF4B-00C04F79EFBC}") = "FP.DAL.SQL", "Framework\Data\FP.DAL\FP.DAL.SQL\FP.DAL.SQL.csproj", "{BCB0C61A-C70D-43E8-8221-15826A2243D7}"
EndProject
Project("{54435603-DBB4-11D2-8724-00A0C9A8B90C}") = "DealSlipFXSetup", "DealSlipFXSetup\DealSlipFXSetup.vdproj", "{7A2F638B-E6C2-4BDD-AF1B-386CE8588373}"
EndProject
Global
	GlobalSection(SolutionConfigurationPlatforms) = preSolution
		Debug|Any CPU = Debug|Any CPU
		Debug|Mixed Platforms = Debug|Mixed Platforms
		Debug|x86 = Debug|x86
		Release|Any CPU = Release|Any CPU
		Release|Mixed Platforms = Release|Mixed Platforms
		Release|x86 = Release|x86
	EndGlobalSection
	GlobalSection(ProjectConfigurationPlatforms) = postSolution
		{586720C9-E737-4CEA-972B-EA1C7024DC29}.Debug|Any CPU.ActiveCfg = Debug|x86
		{586720C9-E737-4CEA-972B-EA1C7024DC29}.Debug|Mixed Platforms.ActiveCfg = Debug|x86
		{586720C9-E737-4CEA-972B-EA1C7024DC29}.Debug|Mixed Platforms.Build.0 = Debug|x86
		{586720C9-E737-4CEA-972B-EA1C7024DC29}.Debug|x86.ActiveCfg = Debug|x86
		{586720C9-E737-4CEA-972B-EA1C7024DC29}.Debug|x86.Build.0 = Debug|x86
		{586720C9-E737-4CEA-972B-EA1C7024DC29}.Release|Any CPU.ActiveCfg = Release|x86
		{586720C9-E737-4CEA-972B-EA1C7024DC29}.Release|Mixed Platforms.ActiveCfg = Release|x86
		{586720C9-E737-4CEA-972B-EA1C7024DC29}.Release|Mixed Platforms.Build.0 = Release|x86
		{586720C9-E737-4CEA-972B-EA1C7024DC29}.Release|x86.ActiveCfg = Release|x86
		{586720C9-E737-4CEA-972B-EA1C7024DC29}.Release|x86.Build.0 = Release|x86
		{AA71A708-3935-4414-A720-E43D34ED7EE1}.Debug|Any CPU.ActiveCfg = Debug|Any CPU
		{AA71A708-3935-4414-A720-E43D34ED7EE1}.Debug|Any CPU.Build.0 = Debug|Any CPU
		{AA71A708-3935-4414-A720-E43D34ED7EE1}.Debug|Mixed Platforms.ActiveCfg = Debug|Any CPU
		{AA71A708-3935-4414-A720-E43D34ED7EE1}.Debug|Mixed Platforms.Build.0 = Debug|Any CPU
		{AA71A708-3935-4414-A720-E43D34ED7EE1}.Debug|x86.ActiveCfg = Debug|Any CPU
		{AA71A708-3935-4414-A720-E43D34ED7EE1}.Release|Any CPU.ActiveCfg = Release|Any CPU
		{AA71A708-3935-4414-A720-E43D34ED7EE1}.Release|Any CPU.Build.0 = Release|Any CPU
		{AA71A708-3935-4414-A720-E43D34ED7EE1}.Release|Mixed Platforms.ActiveCfg = Release|Any CPU
		{AA71A708-3935-4414-A720-E43D34ED7EE1}.Release|Mixed Platforms.Build.0 = Release|Any CPU
		{AA71A708-3935-4414-A720-E43D34ED7EE1}.Release|x86.ActiveCfg = Release|Any CPU
		{7669639E-AB4D-42FB-BC52-D166F4F62E7B}.Debug|Any CPU.ActiveCfg = Debug|Any CPU
		{7669639E-AB4D-42FB-BC52-D166F4F62E7B}.Debug|Any CPU.Build.0 = Debug|Any CPU
		{7669639E-AB4D-42FB-BC52-D166F4F62E7B}.Debug|Mixed Platforms.ActiveCfg = Debug|Any CPU
		{7669639E-AB4D-42FB-BC52-D166F4F62E7B}.Debug|Mixed Platforms.Build.0 = Debug|Any CPU
		{7669639E-AB4D-42FB-BC52-D166F4F62E7B}.Debug|x86.ActiveCfg = Debug|Any CPU
		{7669639E-AB4D-42FB-BC52-D166F4F62E7B}.Release|Any CPU.ActiveCfg = Release|Any CPU
		{7669639E-AB4D-42FB-BC52-D166F4F62E7B}.Release|Any CPU.Build.0 = Release|Any CPU
		{7669639E-AB4D-42FB-BC52-D166F4F62E7B}.Release|Mixed Platforms.ActiveCfg = Release|Any CPU
		{7669639E-AB4D-42FB-BC52-D166F4F62E7B}.Release|Mixed Platforms.Build.0 = Release|Any CPU
		{7669639E-AB4D-42FB-BC52-D166F4F62E7B}.Release|x86.ActiveCfg = Release|Any CPU
		{709CB8BD-C993-4B0E-8981-4C2F77115243}.Debug|Any CPU.ActiveCfg = Debug|Any CPU
		{709CB8BD-C993-4B0E-8981-4C2F77115243}.Debug|Any CPU.Build.0 = Debug|Any CPU
		{709CB8BD-C993-4B0E-8981-4C2F77115243}.Debug|Mixed Platforms.ActiveCfg = Debug|Any CPU
		{709CB8BD-C993-4B0E-8981-4C2F77115243}.Debug|Mixed Platforms.Build.0 = Debug|Any CPU
		{709CB8BD-C993-4B0E-8981-4C2F77115243}.Debug|x86.ActiveCfg = Debug|Any CPU
		{709CB8BD-C993-4B0E-8981-4C2F77115243}.Release|Any CPU.ActiveCfg = Release|Any CPU
		{709CB8BD-C993-4B0E-8981-4C2F77115243}.Release|Any CPU.Build.0 = Release|Any CPU
		{709CB8BD-C993-4B0E-8981-4C2F77115243}.Release|Mixed Platforms.ActiveCfg = Release|Any CPU
		{709CB8BD-C993-4B0E-8981-4C2F77115243}.Release|Mixed Platforms.Build.0 = Release|Any CPU
		{709CB8BD-C993-4B0E-8981-4C2F77115243}.Release|x86.ActiveCfg = Release|Any CPU
		{457A3812-B197-46BE-BB2E-6B155FADE23F}.Debug|Any CPU.ActiveCfg = Debug|Any CPU
		{457A3812-B197-46BE-BB2E-6B155FADE23F}.Debug|Any CPU.Build.0 = Debug|Any CPU
		{457A3812-B197-46BE-BB2E-6B155FADE23F}.Debug|Mixed Platforms.ActiveCfg = Debug|Any CPU
		{457A3812-B197-46BE-BB2E-6B155FADE23F}.Debug|Mixed Platforms.Build.0 = Debug|Any CPU
		{457A3812-B197-46BE-BB2E-6B155FADE23F}.Debug|x86.ActiveCfg = Debug|Any CPU
		{457A3812-B197-46BE-BB2E-6B155FADE23F}.Release|Any CPU.ActiveCfg = Release|Any CPU
		{457A3812-B197-46BE-BB2E-6B155FADE23F}.Release|Any CPU.Build.0 = Release|Any CPU
		{457A3812-B197-46BE-BB2E-6B155FADE23F}.Release|Mixed Platforms.ActiveCfg = Release|Any CPU
		{457A3812-B197-46BE-BB2E-6B155FADE23F}.Release|Mixed Platforms.Build.0 = Release|Any CPU
		{457A3812-B197-46BE-BB2E-6B155FADE23F}.Release|x86.ActiveCfg = Release|Any CPU
		{C43B744E-A4AB-4792-9B26-90FB761DD1BC}.Debug|Any CPU.ActiveCfg = Debug|Any CPU
		{C43B744E-A4AB-4792-9B26-90FB761DD1BC}.Debug|Any CPU.Build.0 = Debug|Any CPU
		{C43B744E-A4AB-4792-9B26-90FB761DD1BC}.Debug|Mixed Platforms.ActiveCfg = Debug|Any CPU
		{C43B744E-A4AB-4792-9B26-90FB761DD1BC}.Debug|Mixed Platforms.Build.0 = Debug|Any CPU
		{C43B744E-A4AB-4792-9B26-90FB761DD1BC}.Debug|x86.ActiveCfg = Debug|Any CPU
		{C43B744E-A4AB-4792-9B26-90FB761DD1BC}.Release|Any CPU.ActiveCfg = Release|Any CPU
		{C43B744E-A4AB-4792-9B26-90FB761DD1BC}.Release|Any CPU.Build.0 = Release|Any CPU
		{C43B744E-A4AB-4792-9B26-90FB761DD1BC}.Release|Mixed Platforms.ActiveCfg = Release|Any CPU
		{C43B744E-A4AB-4792-9B26-90FB761DD1BC}.Release|Mixed Platforms.Build.0 = Release|Any CPU
		{C43B744E-A4AB-4792-9B26-90FB761DD1BC}.Release|x86.ActiveCfg = Release|Any CPU
		{8F316F3E-49A6-45D2-9B73-ACFBD9C45FF8}.Debug|Any CPU.ActiveCfg = Debug|Any CPU
		{8F316F3E-49A6-45D2-9B73-ACFBD9C45FF8}.Debug|Any CPU.Build.0 = Debug|Any CPU
		{8F316F3E-49A6-45D2-9B73-ACFBD9C45FF8}.Debug|Mixed Platforms.ActiveCfg = Debug|Any CPU
		{8F316F3E-49A6-45D2-9B73-ACFBD9C45FF8}.Debug|Mixed Platforms.Build.0 = Debug|Any CPU
		{8F316F3E-49A6-45D2-9B73-ACFBD9C45FF8}.Debug|x86.ActiveCfg = Debug|Any CPU
		{8F316F3E-49A6-45D2-9B73-ACFBD9C45FF8}.Release|Any CPU.ActiveCfg = Release|Any CPU
		{8F316F3E-49A6-45D2-9B73-ACFBD9C45FF8}.Release|Any CPU.Build.0 = Release|Any CPU
		{8F316F3E-49A6-45D2-9B73-ACFBD9C45FF8}.Release|Mixed Platforms.ActiveCfg = Release|Any CPU
		{8F316F3E-49A6-45D2-9B73-ACFBD9C45FF8}.Release|Mixed Platforms.Build.0 = Release|Any CPU
		{8F316F3E-49A6-45D2-9B73-ACFBD9C45FF8}.Release|x86.ActiveCfg = Release|Any CPU
		{D758D39D-1D1B-41F6-B86D-B347554F6CF5}.Debug|Any CPU.ActiveCfg = Debug|Any CPU
		{D758D39D-1D1B-41F6-B86D-B347554F6CF5}.Debug|Any CPU.Build.0 = Debug|Any CPU
		{D758D39D-1D1B-41F6-B86D-B347554F6CF5}.Debug|Mixed Platforms.ActiveCfg = Debug|Any CPU
		{D758D39D-1D1B-41F6-B86D-B347554F6CF5}.Debug|Mixed Platforms.Build.0 = Debug|Any CPU
		{D758D39D-1D1B-41F6-B86D-B347554F6CF5}.Debug|x86.ActiveCfg = Debug|Any CPU
		{D758D39D-1D1B-41F6-B86D-B347554F6CF5}.Release|Any CPU.ActiveCfg = Release|Any CPU
		{D758D39D-1D1B-41F6-B86D-B347554F6CF5}.Release|Any CPU.Build.0 = Release|Any CPU
		{D758D39D-1D1B-41F6-B86D-B347554F6CF5}.Release|Mixed Platforms.ActiveCfg = Release|Any CPU
		{D758D39D-1D1B-41F6-B86D-B347554F6CF5}.Release|Mixed Platforms.Build.0 = Release|Any CPU
		{D758D39D-1D1B-41F6-B86D-B347554F6CF5}.Release|x86.ActiveCfg = Release|Any CPU
		{BCB0C61A-C70D-43E8-8221-15826A2243D7}.Debug|Any CPU.ActiveCfg = Debug|Any CPU
		{BCB0C61A-C70D-43E8-8221-15826A2243D7}.Debug|Any CPU.Build.0 = Debug|Any CPU
		{BCB0C61A-C70D-43E8-8221-15826A2243D7}.Debug|Mixed Platforms.ActiveCfg = Debug|Any CPU
		{BCB0C61A-C70D-43E8-8221-15826A2243D7}.Debug|Mixed Platforms.Build.0 = Debug|Any CPU
		{BCB0C61A-C70D-43E8-8221-15826A2243D7}.Debug|x86.ActiveCfg = Debug|Any CPU
		{BCB0C61A-C70D-43E8-8221-15826A2243D7}.Release|Any CPU.ActiveCfg = Release|Any CPU
		{BCB0C61A-C70D-43E8-8221-15826A2243D7}.Release|Any CPU.Build.0 = Release|Any CPU
		{BCB0C61A-C70D-43E8-8221-15826A2243D7}.Release|Mixed Platforms.ActiveCfg = Release|Any CPU
		{BCB0C61A-C70D-43E8-8221-15826A2243D7}.Release|Mixed Platforms.Build.0 = Release|Any CPU
		{BCB0C61A-C70D-43E8-8221-15826A2243D7}.Release|x86.ActiveCfg = Release|Any CPU
		{7A2F638B-E6C2-4BDD-AF1B-386CE8588373}.Debug|Any CPU.ActiveCfg = Debug
		{7A2F638B-E6C2-4BDD-AF1B-386CE8588373}.Debug|Mixed Platforms.ActiveCfg = Debug
		{7A2F638B-E6C2-4BDD-AF1B-386CE8588373}.Debug|x86.ActiveCfg = Debug
		{7A2F638B-E6C2-4BDD-AF1B-386CE8588373}.Release|Any CPU.ActiveCfg = Release
		{7A2F638B-E6C2-4BDD-AF1B-386CE8588373}.Release|Mixed Platforms.ActiveCfg = Release
		{7A2F638B-E6C2-4BDD-AF1B-386CE8588373}.Release|x86.ActiveCfg = Release
	EndGlobalSection
	GlobalSection(SolutionProperties) = preSolution
		HideSolutionNode = FALSE
	EndGlobalSection
	GlobalSection(NestedProjects) = preSolution
		{AA71A708-3935-4414-A720-E43D34ED7EE1} = {8A22FB9E-43E9-49C7-B47A-403F49324230}
		{EA7AAD2B-EC8E-4E89-BC00-191F800BAE52} = {D1AB63E6-330F-4676-B132-509DCFEB52B4}
		{C98DB150-E32E-467A-9365-86E1B99C99ED} = {D1AB63E6-330F-4676-B132-509DCFEB52B4}
		{5CB8DE6F-7E12-4E32-9F43-849428994B82} = {EA7AAD2B-EC8E-4E89-BC00-191F800BAE52}
		{3ADFDED8-E7B1-4C99-914A-3B6E573288D8} = {EA7AAD2B-EC8E-4E89-BC00-191F800BAE52}
		{435679FA-F091-41CA-8E4D-F121653A4F4B} = {EA7AAD2B-EC8E-4E89-BC00-191F800BAE52}
		{6B3C97D0-A403-41AB-9247-82EAB31F20CB} = {EA7AAD2B-EC8E-4E89-BC00-191F800BAE52}
		{707A024D-3C9D-4ACF-8A44-93F58D6C97B2} = {EA7AAD2B-EC8E-4E89-BC00-191F800BAE52}
		{766B9640-C08A-4CCE-83F3-E8DE2F0BAB45} = {EA7AAD2B-EC8E-4E89-BC00-191F800BAE52}
		{2059F577-0FD3-4A02-9959-AA9D601A39F4} = {C98DB150-E32E-467A-9365-86E1B99C99ED}
		{7669639E-AB4D-42FB-BC52-D166F4F62E7B} = {5CB8DE6F-7E12-4E32-9F43-849428994B82}
		{709CB8BD-C993-4B0E-8981-4C2F77115243} = {3ADFDED8-E7B1-4C99-914A-3B6E573288D8}
		{457A3812-B197-46BE-BB2E-6B155FADE23F} = {435679FA-F091-41CA-8E4D-F121653A4F4B}
		{C43B744E-A4AB-4792-9B26-90FB761DD1BC} = {6B3C97D0-A403-41AB-9247-82EAB31F20CB}
		{8F316F3E-49A6-45D2-9B73-ACFBD9C45FF8} = {707A024D-3C9D-4ACF-8A44-93F58D6C97B2}
		{D758D39D-1D1B-41F6-B86D-B347554F6CF5} = {766B9640-C08A-4CCE-83F3-E8DE2F0BAB45}
		{F769BDFB-5939-43CD-B7C0-BD23BE26DBEA} = {2059F577-0FD3-4A02-9959-AA9D601A39F4}
		{BCB0C61A-C70D-43E8-8221-15826A2243D7} = {F769BDFB-5939-43CD-B7C0-BD23BE26DBEA}
	EndGlobalSection
EndGlobal
